
Microsoft Visual Studio Solution File, Format Version 12.00
# Visual Studio Version 17
VisualStudioVersion = 17.0.32112.339
MinimumVisualStudioVersion = 10.0.40219.1
Project("{9A19103F-16F7-4668-BE54-9A1E7A4F7556}") = "KubernetesCRDModelGen.Tool", "src\KubernetesCRDModelGen.Tool\KubernetesCRDModelGen.Tool.csproj", "{ECBA3700-5700-4DC8-9091-201755AEE9E5}"
EndProject
Project("{9A19103F-16F7-4668-BE54-9A1E7A4F7556}") = "KubernetesCRDModelGen", "src\KubernetesCRDModelGen\KubernetesCRDModelGen.csproj", "{A49FD3D4-4148-4D30-B06C-7B217EC3C056}"
EndProject
Project("{9A19103F-16F7-4668-BE54-9A1E7A4F7556}") = "KubernetesCRDModelGen.Tests", "src\KubernetesCRDModelGen.Tests\KubernetesCRDModelGen.Tests.csproj", "{4D2E27AC-BAFE-4FCD-970D-1EC4869DFC89}"
EndProject
Project("{2150E333-8FDC-42A3-9474-1A3956D46DE8}") = "Solution Items", "Solution Items", "{8F59F824-C642-468A-9A47-F73B8F2A417F}"
	ProjectSection(SolutionItems) = preProject
		.editorconfig = .editorconfig
		.releaserc.json = .releaserc.json
		.github\workflows\cicd.yaml = .github\workflows\cicd.yaml
		src\Models\Directory.Build.props = src\Models\Directory.Build.props
		global.json = global.json
		README.md = README.md
		.github\workflows\sync-crds.yaml = .github\workflows\sync-crds.yaml
	EndProjectSection
EndProject
Project("{9A19103F-16F7-4668-BE54-9A1E7A4F7556}") = "KubernetesCRDModelGen.Sync", "src\KubernetesCRDModelGen.Sync\KubernetesCRDModelGen.Sync.csproj", "{C5612CD0-4CCB-4A68-8592-8C984548B5BD}"
EndProject
Project("{2150E333-8FDC-42A3-9474-1A3956D46DE8}") = "src", "src", "{ADEAADA0-E242-41C9-8260-01241B2C4D3B}"
EndProject
Project("{9A19103F-16F7-4668-BE54-9A1E7A4F7556}") = "KubernetesCRDModelGen.Benchmarks", "benchmarks\KubernetesCRDModelGen.Benchmarks\KubernetesCRDModelGen.Benchmarks.csproj", "{FAFAC0CA-6B08-4AD6-98E3-A0E8DF1E3DE6}"
EndProject
Project("{2150E333-8FDC-42A3-9474-1A3956D46DE8}") = "benchmarks", "benchmarks", "{56CFAA5A-D1D9-4A3E-8726-25594714E2A9}"
EndProject
Project("{FAE04EC0-301F-11D3-BF4B-00C04F79EFBC}") = "KubernetesCRDModelGen.Base", "src\KubernetesCRDModelGen.Base\KubernetesCRDModelGen.Base.csproj", "{A37063BF-96C8-D1D8-E802-29CBE2104ED8}"
EndProject
Project("{FAE04EC0-301F-11D3-BF4B-00C04F79EFBC}") = "KubernetesCRDModelGen.SourceGenerator", "src\KubernetesCRDModelGen.SourceGenerator\KubernetesCRDModelGen.SourceGenerator.csproj", "{440FC511-D68E-19CD-3E38-88A018153DB7}"
EndProject
Project("{2150E333-8FDC-42A3-9474-1A3956D46DE8}") = "Models", "Models", "{56B11293-0CCD-EE49-5B1D-A659D7924B1D}"
EndProject
Project("{FAE04EC0-301F-11D3-BF4B-00C04F79EFBC}") = "KubernetesCRDModelGen.Models.aquasecurity.github.io", "src\Models\KubernetesCRDModelGen.Models.aquasecurity.github.io\KubernetesCRDModelGen.Models.aquasecurity.github.io.csproj", "{E57B3992-78C6-4CC0-A3D4-CBD96563DE97}"
EndProject
Project("{FAE04EC0-301F-11D3-BF4B-00C04F79EFBC}") = "KubernetesCRDModelGen.Models.argoproj.io", "src\Models\KubernetesCRDModelGen.Models.argoproj.io\KubernetesCRDModelGen.Models.argoproj.io.csproj", "{E4DCD6F7-4DB7-4FC1-A805-2AB288BFDDC6}"
EndProject
Project("{FAE04EC0-301F-11D3-BF4B-00C04F79EFBC}") = "KubernetesCRDModelGen.Models.aws.upbound.io", "src\Models\KubernetesCRDModelGen.Models.aws.upbound.io\KubernetesCRDModelGen.Models.aws.upbound.io.csproj", "{F390189E-D3CC-4344-9699-B56859688382}"
EndProject
Project("{FAE04EC0-301F-11D3-BF4B-00C04F79EFBC}") = "KubernetesCRDModelGen.Models.azapi.upbound.io", "src\Models\KubernetesCRDModelGen.Models.azapi.upbound.io\KubernetesCRDModelGen.Models.azapi.upbound.io.csproj", "{75E64DF3-ACB5-4F45-BF6A-6FABF1B2A76E}"
EndProject
Project("{FAE04EC0-301F-11D3-BF4B-00C04F79EFBC}") = "KubernetesCRDModelGen.Models.azure.com", "src\Models\KubernetesCRDModelGen.Models.azure.com\KubernetesCRDModelGen.Models.azure.com.csproj", "{1DA0454C-EFF8-443D-B83D-BE780DDC0D3F}"
EndProject
Project("{FAE04EC0-301F-11D3-BF4B-00C04F79EFBC}") = "KubernetesCRDModelGen.Models.azure.upbound.io", "src\Models\KubernetesCRDModelGen.Models.azure.upbound.io\KubernetesCRDModelGen.Models.azure.upbound.io.csproj", "{F3EEAFDA-EFAC-4798-AB14-88C4DEA3709B}"
EndProject
Project("{FAE04EC0-301F-11D3-BF4B-00C04F79EFBC}") = "KubernetesCRDModelGen.Models.azuread.upbound.io", "src\Models\KubernetesCRDModelGen.Models.azuread.upbound.io\KubernetesCRDModelGen.Models.azuread.upbound.io.csproj", "{3ACA6BBB-9E36-45EC-BB50-08EB1067E926}"
EndProject
Project("{FAE04EC0-301F-11D3-BF4B-00C04F79EFBC}") = "KubernetesCRDModelGen.Models.cnrm.cloud.google.com", "src\Models\KubernetesCRDModelGen.Models.cnrm.cloud.google.com\KubernetesCRDModelGen.Models.cnrm.cloud.google.com.csproj", "{80002DF7-D347-4A32-BC39-173E58B575D0}"
EndProject
Project("{FAE04EC0-301F-11D3-BF4B-00C04F79EFBC}") = "KubernetesCRDModelGen.Models.crossplane.io", "src\Models\KubernetesCRDModelGen.Models.crossplane.io\KubernetesCRDModelGen.Models.crossplane.io.csproj", "{69759598-CBA3-4DF4-95EC-FC823BE01C08}"
EndProject
Project("{FAE04EC0-301F-11D3-BF4B-00C04F79EFBC}") = "KubernetesCRDModelGen.Models.databricks.crossplane.io", "src\Models\KubernetesCRDModelGen.Models.databricks.crossplane.io\KubernetesCRDModelGen.Models.databricks.crossplane.io.csproj", "{A66A91DE-90DA-43F8-BE7A-DFFC171ADAD3}"
EndProject
Project("{FAE04EC0-301F-11D3-BF4B-00C04F79EFBC}") = "KubernetesCRDModelGen.Models.fluxcd.io", "src\Models\KubernetesCRDModelGen.Models.fluxcd.io\KubernetesCRDModelGen.Models.fluxcd.io.csproj", "{AFA8EE06-4FC8-496E-A575-A48A6DC79245}"
EndProject
Project("{FAE04EC0-301F-11D3-BF4B-00C04F79EFBC}") = "KubernetesCRDModelGen.Models.gateway.networking.k8s.io", "src\Models\KubernetesCRDModelGen.Models.gateway.networking.k8s.io\KubernetesCRDModelGen.Models.gateway.networking.k8s.io.csproj", "{2E78A068-8E95-412D-B3C4-23C2D6D27659}"
EndProject
Project("{FAE04EC0-301F-11D3-BF4B-00C04F79EFBC}") = "KubernetesCRDModelGen.Models.gcp.upbound.io", "src\Models\KubernetesCRDModelGen.Models.gcp.upbound.io\KubernetesCRDModelGen.Models.gcp.upbound.io.csproj", "{33DC9A31-41BD-4A43-B944-17022DCACCC3}"
EndProject
Project("{FAE04EC0-301F-11D3-BF4B-00C04F79EFBC}") = "KubernetesCRDModelGen.Models.helm.crossplane.io", "src\Models\KubernetesCRDModelGen.Models.helm.crossplane.io\KubernetesCRDModelGen.Models.helm.crossplane.io.csproj", "{0CD68B47-E761-4882-8249-48FC6F1085D9}"
EndProject
Project("{FAE04EC0-301F-11D3-BF4B-00C04F79EFBC}") = "KubernetesCRDModelGen.Models.istio.io", "src\Models\KubernetesCRDModelGen.Models.istio.io\KubernetesCRDModelGen.Models.istio.io.csproj", "{FD1D3E78-0C5C-4D21-85A2-FFFF048FB99E}"
EndProject
Project("{FAE04EC0-301F-11D3-BF4B-00C04F79EFBC}") = "KubernetesCRDModelGen.Models.jetstack.io", "src\Models\KubernetesCRDModelGen.Models.jetstack.io\KubernetesCRDModelGen.Models.jetstack.io.csproj", "{B8977595-F75F-40C8-8A52-9A30E5FC7F4D}"
EndProject
Project("{FAE04EC0-301F-11D3-BF4B-00C04F79EFBC}") = "KubernetesCRDModelGen.Models.keda.sh", "src\Models\KubernetesCRDModelGen.Models.keda.sh\KubernetesCRDModelGen.Models.keda.sh.csproj", "{85AB38DE-1625-4350-9CCC-561BA6D3BFBE}"
EndProject
Project("{FAE04EC0-301F-11D3-BF4B-00C04F79EFBC}") = "KubernetesCRDModelGen.Models.knative.dev", "src\Models\KubernetesCRDModelGen.Models.knative.dev\KubernetesCRDModelGen.Models.knative.dev.csproj", "{8FFE8EF5-90BA-40CC-9BC8-FE120EA2EAB3}"
EndProject
Project("{FAE04EC0-301F-11D3-BF4B-00C04F79EFBC}") = "KubernetesCRDModelGen.Models.kubernetes.crossplane.io", "src\Models\KubernetesCRDModelGen.Models.kubernetes.crossplane.io\KubernetesCRDModelGen.Models.kubernetes.crossplane.io.csproj", "{FA513935-ED14-40E7-9793-6385BDE8EB6F}"
EndProject
Project("{FAE04EC0-301F-11D3-BF4B-00C04F79EFBC}") = "KubernetesCRDModelGen.Models.kubevirt.io", "src\Models\KubernetesCRDModelGen.Models.kubevirt.io\KubernetesCRDModelGen.Models.kubevirt.io.csproj", "{50CC8180-5FE6-40AE-AE3B-3061ED902F10}"
EndProject
Project("{FAE04EC0-301F-11D3-BF4B-00C04F79EFBC}") = "KubernetesCRDModelGen.Models.opentofu.upbound.io", "src\Models\KubernetesCRDModelGen.Models.opentofu.upbound.io\KubernetesCRDModelGen.Models.opentofu.upbound.io.csproj", "{3E0FE892-D274-4BFE-B5A2-85DF5A80A978}"
EndProject
Project("{FAE04EC0-301F-11D3-BF4B-00C04F79EFBC}") = "KubernetesCRDModelGen.Models.postgresql.cnpg.io", "src\Models\KubernetesCRDModelGen.Models.postgresql.cnpg.io\KubernetesCRDModelGen.Models.postgresql.cnpg.io.csproj", "{B2ACF5F8-E79B-4F26-8DCA-5AA4BADCF51A}"
EndProject
Project("{FAE04EC0-301F-11D3-BF4B-00C04F79EFBC}") = "KubernetesCRDModelGen.Models.projectcalico.org", "src\Models\KubernetesCRDModelGen.Models.projectcalico.org\KubernetesCRDModelGen.Models.projectcalico.org.csproj", "{F7449D6D-A2D7-46F3-A5F9-EE7490FBC8C4}"
EndProject
Project("{FAE04EC0-301F-11D3-BF4B-00C04F79EFBC}") = "KubernetesCRDModelGen.Models.secrets-store.csi.x-k8s.io", "src\Models\KubernetesCRDModelGen.Models.secrets-store.csi.x-k8s.io\KubernetesCRDModelGen.Models.secrets-store.csi.x-k8s.io.csproj", "{3477E0CB-5EB2-4F4D-8A14-A34A8B8FD2DB}"
EndProject
Project("{FAE04EC0-301F-11D3-BF4B-00C04F79EFBC}") = "KubernetesCRDModelGen.Models.storage.k8s.io", "src\Models\KubernetesCRDModelGen.Models.storage.k8s.io\KubernetesCRDModelGen.Models.storage.k8s.io.csproj", "{9BEAB34C-6A28-4545-A817-546835D8D23C}"
EndProject
Project("{FAE04EC0-301F-11D3-BF4B-00C04F79EFBC}") = "KubernetesCRDModelGen.Models.tf.upbound.io", "src\Models\KubernetesCRDModelGen.Models.tf.upbound.io\KubernetesCRDModelGen.Models.tf.upbound.io.csproj", "{756F5E96-8B48-4E13-8F62-9C74D3F43ACD}"
EndProject
Project("{FAE04EC0-301F-11D3-BF4B-00C04F79EFBC}") = "KubernetesCRDModelGen.Models.traefik.io", "src\Models\KubernetesCRDModelGen.Models.traefik.io\KubernetesCRDModelGen.Models.traefik.io.csproj", "{8B38C544-9B5F-463A-B9AD-6C4076ECC278}"
EndProject
Project("{FAE04EC0-301F-11D3-BF4B-00C04F79EFBC}") = "KubernetesCRDModelGen.Models.upbound.io", "src\Models\KubernetesCRDModelGen.Models.upbound.io\KubernetesCRDModelGen.Models.upbound.io.csproj", "{4075392A-2E9D-40D4-B415-709C4EA1075F}"
EndProject
Project("{FAE04EC0-301F-11D3-BF4B-00C04F79EFBC}") = "KubernetesCRDModelGen.Models.vault.upbound.io", "src\Models\KubernetesCRDModelGen.Models.vault.upbound.io\KubernetesCRDModelGen.Models.vault.upbound.io.csproj", "{7E84D3AF-9F73-46F6-AD45-3754C7892FCB}"
EndProject
Global
	GlobalSection(SolutionConfigurationPlatforms) = preSolution
		Debug|Any CPU = Debug|Any CPU
		Debug|x64 = Debug|x64
		Debug|x86 = Debug|x86
		Release|Any CPU = Release|Any CPU
		Release|x64 = Release|x64
		Release|x86 = Release|x86
	EndGlobalSection
	GlobalSection(ProjectConfigurationPlatforms) = postSolution
		{ECBA3700-5700-4DC8-9091-201755AEE9E5}.Debug|Any CPU.ActiveCfg = Debug|Any CPU
		{ECBA3700-5700-4DC8-9091-201755AEE9E5}.Debug|Any CPU.Build.0 = Debug|Any CPU
		{ECBA3700-5700-4DC8-9091-201755AEE9E5}.Debug|x64.ActiveCfg = Debug|Any CPU
		{ECBA3700-5700-4DC8-9091-201755AEE9E5}.Debug|x64.Build.0 = Debug|Any CPU
		{ECBA3700-5700-4DC8-9091-201755AEE9E5}.Debug|x86.ActiveCfg = Debug|Any CPU
		{ECBA3700-5700-4DC8-9091-201755AEE9E5}.Debug|x86.Build.0 = Debug|Any CPU
		{ECBA3700-5700-4DC8-9091-201755AEE9E5}.Release|Any CPU.ActiveCfg = Release|Any CPU
		{ECBA3700-5700-4DC8-9091-201755AEE9E5}.Release|Any CPU.Build.0 = Release|Any CPU
		{ECBA3700-5700-4DC8-9091-201755AEE9E5}.Release|x64.ActiveCfg = Release|Any CPU
		{ECBA3700-5700-4DC8-9091-201755AEE9E5}.Release|x64.Build.0 = Release|Any CPU
		{ECBA3700-5700-4DC8-9091-201755AEE9E5}.Release|x86.ActiveCfg = Release|Any CPU
		{ECBA3700-5700-4DC8-9091-201755AEE9E5}.Release|x86.Build.0 = Release|Any CPU
		{A49FD3D4-4148-4D30-B06C-7B217EC3C056}.Debug|Any CPU.ActiveCfg = Debug|Any CPU
		{A49FD3D4-4148-4D30-B06C-7B217EC3C056}.Debug|Any CPU.Build.0 = Debug|Any CPU
		{A49FD3D4-4148-4D30-B06C-7B217EC3C056}.Debug|x64.ActiveCfg = Debug|Any CPU
		{A49FD3D4-4148-4D30-B06C-7B217EC3C056}.Debug|x64.Build.0 = Debug|Any CPU
		{A49FD3D4-4148-4D30-B06C-7B217EC3C056}.Debug|x86.ActiveCfg = Debug|Any CPU
		{A49FD3D4-4148-4D30-B06C-7B217EC3C056}.Debug|x86.Build.0 = Debug|Any CPU
		{A49FD3D4-4148-4D30-B06C-7B217EC3C056}.Release|Any CPU.ActiveCfg = Release|Any CPU
		{A49FD3D4-4148-4D30-B06C-7B217EC3C056}.Release|Any CPU.Build.0 = Release|Any CPU
		{A49FD3D4-4148-4D30-B06C-7B217EC3C056}.Release|x64.ActiveCfg = Release|Any CPU
		{A49FD3D4-4148-4D30-B06C-7B217EC3C056}.Release|x64.Build.0 = Release|Any CPU
		{A49FD3D4-4148-4D30-B06C-7B217EC3C056}.Release|x86.ActiveCfg = Release|Any CPU
		{A49FD3D4-4148-4D30-B06C-7B217EC3C056}.Release|x86.Build.0 = Release|Any CPU
		{4D2E27AC-BAFE-4FCD-970D-1EC4869DFC89}.Debug|Any CPU.ActiveCfg = Debug|Any CPU
		{4D2E27AC-BAFE-4FCD-970D-1EC4869DFC89}.Debug|Any CPU.Build.0 = Debug|Any CPU
		{4D2E27AC-BAFE-4FCD-970D-1EC4869DFC89}.Debug|x64.ActiveCfg = Debug|Any CPU
		{4D2E27AC-BAFE-4FCD-970D-1EC4869DFC89}.Debug|x64.Build.0 = Debug|Any CPU
		{4D2E27AC-BAFE-4FCD-970D-1EC4869DFC89}.Debug|x86.ActiveCfg = Debug|Any CPU
		{4D2E27AC-BAFE-4FCD-970D-1EC4869DFC89}.Debug|x86.Build.0 = Debug|Any CPU
		{4D2E27AC-BAFE-4FCD-970D-1EC4869DFC89}.Release|Any CPU.ActiveCfg = Release|Any CPU
		{4D2E27AC-BAFE-4FCD-970D-1EC4869DFC89}.Release|Any CPU.Build.0 = Release|Any CPU
		{4D2E27AC-BAFE-4FCD-970D-1EC4869DFC89}.Release|x64.ActiveCfg = Release|Any CPU
		{4D2E27AC-BAFE-4FCD-970D-1EC4869DFC89}.Release|x64.Build.0 = Release|Any CPU
		{4D2E27AC-BAFE-4FCD-970D-1EC4869DFC89}.Release|x86.ActiveCfg = Release|Any CPU
		{4D2E27AC-BAFE-4FCD-970D-1EC4869DFC89}.Release|x86.Build.0 = Release|Any CPU
		{C5612CD0-4CCB-4A68-8592-8C984548B5BD}.Debug|Any CPU.ActiveCfg = Debug|Any CPU
		{C5612CD0-4CCB-4A68-8592-8C984548B5BD}.Debug|Any CPU.Build.0 = Debug|Any CPU
		{C5612CD0-4CCB-4A68-8592-8C984548B5BD}.Debug|x64.ActiveCfg = Debug|Any CPU
		{C5612CD0-4CCB-4A68-8592-8C984548B5BD}.Debug|x64.Build.0 = Debug|Any CPU
		{C5612CD0-4CCB-4A68-8592-8C984548B5BD}.Debug|x86.ActiveCfg = Debug|Any CPU
		{C5612CD0-4CCB-4A68-8592-8C984548B5BD}.Debug|x86.Build.0 = Debug|Any CPU
		{C5612CD0-4CCB-4A68-8592-8C984548B5BD}.Release|Any CPU.ActiveCfg = Release|Any CPU
		{C5612CD0-4CCB-4A68-8592-8C984548B5BD}.Release|Any CPU.Build.0 = Release|Any CPU
		{C5612CD0-4CCB-4A68-8592-8C984548B5BD}.Release|x64.ActiveCfg = Release|Any CPU
		{C5612CD0-4CCB-4A68-8592-8C984548B5BD}.Release|x64.Build.0 = Release|Any CPU
		{C5612CD0-4CCB-4A68-8592-8C984548B5BD}.Release|x86.ActiveCfg = Release|Any CPU
		{C5612CD0-4CCB-4A68-8592-8C984548B5BD}.Release|x86.Build.0 = Release|Any CPU
		{FAFAC0CA-6B08-4AD6-98E3-A0E8DF1E3DE6}.Debug|Any CPU.ActiveCfg = Debug|Any CPU
		{FAFAC0CA-6B08-4AD6-98E3-A0E8DF1E3DE6}.Debug|Any CPU.Build.0 = Debug|Any CPU
		{FAFAC0CA-6B08-4AD6-98E3-A0E8DF1E3DE6}.Debug|x64.ActiveCfg = Debug|Any CPU
		{FAFAC0CA-6B08-4AD6-98E3-A0E8DF1E3DE6}.Debug|x64.Build.0 = Debug|Any CPU
		{FAFAC0CA-6B08-4AD6-98E3-A0E8DF1E3DE6}.Debug|x86.ActiveCfg = Debug|Any CPU
		{FAFAC0CA-6B08-4AD6-98E3-A0E8DF1E3DE6}.Debug|x86.Build.0 = Debug|Any CPU
		{FAFAC0CA-6B08-4AD6-98E3-A0E8DF1E3DE6}.Release|Any CPU.ActiveCfg = Release|Any CPU
		{FAFAC0CA-6B08-4AD6-98E3-A0E8DF1E3DE6}.Release|Any CPU.Build.0 = Release|Any CPU
		{FAFAC0CA-6B08-4AD6-98E3-A0E8DF1E3DE6}.Release|x64.ActiveCfg = Release|Any CPU
		{FAFAC0CA-6B08-4AD6-98E3-A0E8DF1E3DE6}.Release|x64.Build.0 = Release|Any CPU
		{FAFAC0CA-6B08-4AD6-98E3-A0E8DF1E3DE6}.Release|x86.ActiveCfg = Release|Any CPU
		{FAFAC0CA-6B08-4AD6-98E3-A0E8DF1E3DE6}.Release|x86.Build.0 = Release|Any CPU
		{A37063BF-96C8-D1D8-E802-29CBE2104ED8}.Debug|Any CPU.ActiveCfg = Debug|Any CPU
		{A37063BF-96C8-D1D8-E802-29CBE2104ED8}.Debug|Any CPU.Build.0 = Debug|Any CPU
		{A37063BF-96C8-D1D8-E802-29CBE2104ED8}.Debug|x64.ActiveCfg = Debug|Any CPU
		{A37063BF-96C8-D1D8-E802-29CBE2104ED8}.Debug|x64.Build.0 = Debug|Any CPU
		{A37063BF-96C8-D1D8-E802-29CBE2104ED8}.Debug|x86.ActiveCfg = Debug|Any CPU
		{A37063BF-96C8-D1D8-E802-29CBE2104ED8}.Debug|x86.Build.0 = Debug|Any CPU
		{A37063BF-96C8-D1D8-E802-29CBE2104ED8}.Release|Any CPU.ActiveCfg = Release|Any CPU
		{A37063BF-96C8-D1D8-E802-29CBE2104ED8}.Release|Any CPU.Build.0 = Release|Any CPU
		{A37063BF-96C8-D1D8-E802-29CBE2104ED8}.Release|x64.ActiveCfg = Release|Any CPU
		{A37063BF-96C8-D1D8-E802-29CBE2104ED8}.Release|x64.Build.0 = Release|Any CPU
		{A37063BF-96C8-D1D8-E802-29CBE2104ED8}.Release|x86.ActiveCfg = Release|Any CPU
		{A37063BF-96C8-D1D8-E802-29CBE2104ED8}.Release|x86.Build.0 = Release|Any CPU
		{440FC511-D68E-19CD-3E38-88A018153DB7}.Debug|Any CPU.ActiveCfg = Debug|Any CPU
		{440FC511-D68E-19CD-3E38-88A018153DB7}.Debug|Any CPU.Build.0 = Debug|Any CPU
		{440FC511-D68E-19CD-3E38-88A018153DB7}.Debug|x64.ActiveCfg = Debug|Any CPU
		{440FC511-D68E-19CD-3E38-88A018153DB7}.Debug|x64.Build.0 = Debug|Any CPU
		{440FC511-D68E-19CD-3E38-88A018153DB7}.Debug|x86.ActiveCfg = Debug|Any CPU
		{440FC511-D68E-19CD-3E38-88A018153DB7}.Debug|x86.Build.0 = Debug|Any CPU
		{440FC511-D68E-19CD-3E38-88A018153DB7}.Release|Any CPU.ActiveCfg = Release|Any CPU
		{440FC511-D68E-19CD-3E38-88A018153DB7}.Release|Any CPU.Build.0 = Release|Any CPU
		{440FC511-D68E-19CD-3E38-88A018153DB7}.Release|x64.ActiveCfg = Release|Any CPU
		{440FC511-D68E-19CD-3E38-88A018153DB7}.Release|x64.Build.0 = Release|Any CPU
		{440FC511-D68E-19CD-3E38-88A018153DB7}.Release|x86.ActiveCfg = Release|Any CPU
		{440FC511-D68E-19CD-3E38-88A018153DB7}.Release|x86.Build.0 = Release|Any CPU
		{E57B3992-78C6-4CC0-A3D4-CBD96563DE97}.Debug|Any CPU.ActiveCfg = Debug|Any CPU
		{E57B3992-78C6-4CC0-A3D4-CBD96563DE97}.Debug|Any CPU.Build.0 = Debug|Any CPU
		{E57B3992-78C6-4CC0-A3D4-CBD96563DE97}.Debug|x64.ActiveCfg = Debug|Any CPU
		{E57B3992-78C6-4CC0-A3D4-CBD96563DE97}.Debug|x64.Build.0 = Debug|Any CPU
		{E57B3992-78C6-4CC0-A3D4-CBD96563DE97}.Debug|x86.ActiveCfg = Debug|Any CPU
		{E57B3992-78C6-4CC0-A3D4-CBD96563DE97}.Debug|x86.Build.0 = Debug|Any CPU
		{E57B3992-78C6-4CC0-A3D4-CBD96563DE97}.Release|Any CPU.ActiveCfg = Release|Any CPU
		{E57B3992-78C6-4CC0-A3D4-CBD96563DE97}.Release|Any CPU.Build.0 = Release|Any CPU
		{E57B3992-78C6-4CC0-A3D4-CBD96563DE97}.Release|x64.ActiveCfg = Release|Any CPU
		{E57B3992-78C6-4CC0-A3D4-CBD96563DE97}.Release|x64.Build.0 = Release|Any CPU
		{E57B3992-78C6-4CC0-A3D4-CBD96563DE97}.Release|x86.ActiveCfg = Release|Any CPU
		{E57B3992-78C6-4CC0-A3D4-CBD96563DE97}.Release|x86.Build.0 = Release|Any CPU
		{E4DCD6F7-4DB7-4FC1-A805-2AB288BFDDC6}.Debug|Any CPU.ActiveCfg = Debug|Any CPU
		{E4DCD6F7-4DB7-4FC1-A805-2AB288BFDDC6}.Debug|Any CPU.Build.0 = Debug|Any CPU
		{E4DCD6F7-4DB7-4FC1-A805-2AB288BFDDC6}.Debug|x64.ActiveCfg = Debug|Any CPU
		{E4DCD6F7-4DB7-4FC1-A805-2AB288BFDDC6}.Debug|x64.Build.0 = Debug|Any CPU
		{E4DCD6F7-4DB7-4FC1-A805-2AB288BFDDC6}.Debug|x86.ActiveCfg = Debug|Any CPU
		{E4DCD6F7-4DB7-4FC1-A805-2AB288BFDDC6}.Debug|x86.Build.0 = Debug|Any CPU
		{E4DCD6F7-4DB7-4FC1-A805-2AB288BFDDC6}.Release|Any CPU.ActiveCfg = Release|Any CPU
		{E4DCD6F7-4DB7-4FC1-A805-2AB288BFDDC6}.Release|Any CPU.Build.0 = Release|Any CPU
		{E4DCD6F7-4DB7-4FC1-A805-2AB288BFDDC6}.Release|x64.ActiveCfg = Release|Any CPU
		{E4DCD6F7-4DB7-4FC1-A805-2AB288BFDDC6}.Release|x64.Build.0 = Release|Any CPU
		{E4DCD6F7-4DB7-4FC1-A805-2AB288BFDDC6}.Release|x86.ActiveCfg = Release|Any CPU
		{E4DCD6F7-4DB7-4FC1-A805-2AB288BFDDC6}.Release|x86.Build.0 = Release|Any CPU
		{F390189E-D3CC-4344-9699-B56859688382}.Debug|Any CPU.ActiveCfg = Debug|Any CPU
		{F390189E-D3CC-4344-9699-B56859688382}.Debug|Any CPU.Build.0 = Debug|Any CPU
		{F390189E-D3CC-4344-9699-B56859688382}.Debug|x64.ActiveCfg = Debug|Any CPU
		{F390189E-D3CC-4344-9699-B56859688382}.Debug|x64.Build.0 = Debug|Any CPU
		{F390189E-D3CC-4344-9699-B56859688382}.Debug|x86.ActiveCfg = Debug|Any CPU
		{F390189E-D3CC-4344-9699-B56859688382}.Debug|x86.Build.0 = Debug|Any CPU
		{F390189E-D3CC-4344-9699-B56859688382}.Release|Any CPU.ActiveCfg = Release|Any CPU
		{F390189E-D3CC-4344-9699-B56859688382}.Release|Any CPU.Build.0 = Release|Any CPU
		{F390189E-D3CC-4344-9699-B56859688382}.Release|x64.ActiveCfg = Release|Any CPU
		{F390189E-D3CC-4344-9699-B56859688382}.Release|x64.Build.0 = Release|Any CPU
		{F390189E-D3CC-4344-9699-B56859688382}.Release|x86.ActiveCfg = Release|Any CPU
		{F390189E-D3CC-4344-9699-B56859688382}.Release|x86.Build.0 = Release|Any CPU
		{75E64DF3-ACB5-4F45-BF6A-6FABF1B2A76E}.Debug|Any CPU.ActiveCfg = Debug|Any CPU
		{75E64DF3-ACB5-4F45-BF6A-6FABF1B2A76E}.Debug|Any CPU.Build.0 = Debug|Any CPU
		{75E64DF3-ACB5-4F45-BF6A-6FABF1B2A76E}.Debug|x64.ActiveCfg = Debug|Any CPU
		{75E64DF3-ACB5-4F45-BF6A-6FABF1B2A76E}.Debug|x64.Build.0 = Debug|Any CPU
		{75E64DF3-ACB5-4F45-BF6A-6FABF1B2A76E}.Debug|x86.ActiveCfg = Debug|Any CPU
		{75E64DF3-ACB5-4F45-BF6A-6FABF1B2A76E}.Debug|x86.Build.0 = Debug|Any CPU
		{75E64DF3-ACB5-4F45-BF6A-6FABF1B2A76E}.Release|Any CPU.ActiveCfg = Release|Any CPU
		{75E64DF3-ACB5-4F45-BF6A-6FABF1B2A76E}.Release|Any CPU.Build.0 = Release|Any CPU
		{75E64DF3-ACB5-4F45-BF6A-6FABF1B2A76E}.Release|x64.ActiveCfg = Release|Any CPU
		{75E64DF3-ACB5-4F45-BF6A-6FABF1B2A76E}.Release|x64.Build.0 = Release|Any CPU
		{75E64DF3-ACB5-4F45-BF6A-6FABF1B2A76E}.Release|x86.ActiveCfg = Release|Any CPU
		{75E64DF3-ACB5-4F45-BF6A-6FABF1B2A76E}.Release|x86.Build.0 = Release|Any CPU
		{1DA0454C-EFF8-443D-B83D-BE780DDC0D3F}.Debug|Any CPU.ActiveCfg = Debug|Any CPU
		{1DA0454C-EFF8-443D-B83D-BE780DDC0D3F}.Debug|Any CPU.Build.0 = Debug|Any CPU
		{1DA0454C-EFF8-443D-B83D-BE780DDC0D3F}.Debug|x64.ActiveCfg = Debug|Any CPU
		{1DA0454C-EFF8-443D-B83D-BE780DDC0D3F}.Debug|x64.Build.0 = Debug|Any CPU
		{1DA0454C-EFF8-443D-B83D-BE780DDC0D3F}.Debug|x86.ActiveCfg = Debug|Any CPU
		{1DA0454C-EFF8-443D-B83D-BE780DDC0D3F}.Debug|x86.Build.0 = Debug|Any CPU
		{1DA0454C-EFF8-443D-B83D-BE780DDC0D3F}.Release|Any CPU.ActiveCfg = Release|Any CPU
		{1DA0454C-EFF8-443D-B83D-BE780DDC0D3F}.Release|Any CPU.Build.0 = Release|Any CPU
		{1DA0454C-EFF8-443D-B83D-BE780DDC0D3F}.Release|x64.ActiveCfg = Release|Any CPU
		{1DA0454C-EFF8-443D-B83D-BE780DDC0D3F}.Release|x64.Build.0 = Release|Any CPU
		{1DA0454C-EFF8-443D-B83D-BE780DDC0D3F}.Release|x86.ActiveCfg = Release|Any CPU
		{1DA0454C-EFF8-443D-B83D-BE780DDC0D3F}.Release|x86.Build.0 = Release|Any CPU
		{F3EEAFDA-EFAC-4798-AB14-88C4DEA3709B}.Debug|Any CPU.ActiveCfg = Debug|Any CPU
		{F3EEAFDA-EFAC-4798-AB14-88C4DEA3709B}.Debug|Any CPU.Build.0 = Debug|Any CPU
		{F3EEAFDA-EFAC-4798-AB14-88C4DEA3709B}.Debug|x64.ActiveCfg = Debug|Any CPU
		{F3EEAFDA-EFAC-4798-AB14-88C4DEA3709B}.Debug|x64.Build.0 = Debug|Any CPU
		{F3EEAFDA-EFAC-4798-AB14-88C4DEA3709B}.Debug|x86.ActiveCfg = Debug|Any CPU
		{F3EEAFDA-EFAC-4798-AB14-88C4DEA3709B}.Debug|x86.Build.0 = Debug|Any CPU
		{F3EEAFDA-EFAC-4798-AB14-88C4DEA3709B}.Release|Any CPU.ActiveCfg = Release|Any CPU
		{F3EEAFDA-EFAC-4798-AB14-88C4DEA3709B}.Release|Any CPU.Build.0 = Release|Any CPU
		{F3EEAFDA-EFAC-4798-AB14-88C4DEA3709B}.Release|x64.ActiveCfg = Release|Any CPU
		{F3EEAFDA-EFAC-4798-AB14-88C4DEA3709B}.Release|x64.Build.0 = Release|Any CPU
		{F3EEAFDA-EFAC-4798-AB14-88C4DEA3709B}.Release|x86.ActiveCfg = Release|Any CPU
		{F3EEAFDA-EFAC-4798-AB14-88C4DEA3709B}.Release|x86.Build.0 = Release|Any CPU
		{3ACA6BBB-9E36-45EC-BB50-08EB1067E926}.Debug|Any CPU.ActiveCfg = Debug|Any CPU
		{3ACA6BBB-9E36-45EC-BB50-08EB1067E926}.Debug|Any CPU.Build.0 = Debug|Any CPU
		{3ACA6BBB-9E36-45EC-BB50-08EB1067E926}.Debug|x64.ActiveCfg = Debug|Any CPU
		{3ACA6BBB-9E36-45EC-BB50-08EB1067E926}.Debug|x64.Build.0 = Debug|Any CPU
		{3ACA6BBB-9E36-45EC-BB50-08EB1067E926}.Debug|x86.ActiveCfg = Debug|Any CPU
		{3ACA6BBB-9E36-45EC-BB50-08EB1067E926}.Debug|x86.Build.0 = Debug|Any CPU
		{3ACA6BBB-9E36-45EC-BB50-08EB1067E926}.Release|Any CPU.ActiveCfg = Release|Any CPU
		{3ACA6BBB-9E36-45EC-BB50-08EB1067E926}.Release|Any CPU.Build.0 = Release|Any CPU
		{3ACA6BBB-9E36-45EC-BB50-08EB1067E926}.Release|x64.ActiveCfg = Release|Any CPU
		{3ACA6BBB-9E36-45EC-BB50-08EB1067E926}.Release|x64.Build.0 = Release|Any CPU
		{3ACA6BBB-9E36-45EC-BB50-08EB1067E926}.Release|x86.ActiveCfg = Release|Any CPU
		{3ACA6BBB-9E36-45EC-BB50-08EB1067E926}.Release|x86.Build.0 = Release|Any CPU
		{80002DF7-D347-4A32-BC39-173E58B575D0}.Debug|Any CPU.ActiveCfg = Debug|Any CPU
		{80002DF7-D347-4A32-BC39-173E58B575D0}.Debug|Any CPU.Build.0 = Debug|Any CPU
		{80002DF7-D347-4A32-BC39-173E58B575D0}.Debug|x64.ActiveCfg = Debug|Any CPU
		{80002DF7-D347-4A32-BC39-173E58B575D0}.Debug|x64.Build.0 = Debug|Any CPU
		{80002DF7-D347-4A32-BC39-173E58B575D0}.Debug|x86.ActiveCfg = Debug|Any CPU
		{80002DF7-D347-4A32-BC39-173E58B575D0}.Debug|x86.Build.0 = Debug|Any CPU
		{80002DF7-D347-4A32-BC39-173E58B575D0}.Release|Any CPU.ActiveCfg = Release|Any CPU
		{80002DF7-D347-4A32-BC39-173E58B575D0}.Release|Any CPU.Build.0 = Release|Any CPU
		{80002DF7-D347-4A32-BC39-173E58B575D0}.Release|x64.ActiveCfg = Release|Any CPU
		{80002DF7-D347-4A32-BC39-173E58B575D0}.Release|x64.Build.0 = Release|Any CPU
		{80002DF7-D347-4A32-BC39-173E58B575D0}.Release|x86.ActiveCfg = Release|Any CPU
		{80002DF7-D347-4A32-BC39-173E58B575D0}.Release|x86.Build.0 = Release|Any CPU
		{69759598-CBA3-4DF4-95EC-FC823BE01C08}.Debug|Any CPU.ActiveCfg = Debug|Any CPU
		{69759598-CBA3-4DF4-95EC-FC823BE01C08}.Debug|Any CPU.Build.0 = Debug|Any CPU
		{69759598-CBA3-4DF4-95EC-FC823BE01C08}.Debug|x64.ActiveCfg = Debug|Any CPU
		{69759598-CBA3-4DF4-95EC-FC823BE01C08}.Debug|x64.Build.0 = Debug|Any CPU
		{69759598-CBA3-4DF4-95EC-FC823BE01C08}.Debug|x86.ActiveCfg = Debug|Any CPU
		{69759598-CBA3-4DF4-95EC-FC823BE01C08}.Debug|x86.Build.0 = Debug|Any CPU
		{69759598-CBA3-4DF4-95EC-FC823BE01C08}.Release|Any CPU.ActiveCfg = Release|Any CPU
		{69759598-CBA3-4DF4-95EC-FC823BE01C08}.Release|Any CPU.Build.0 = Release|Any CPU
		{69759598-CBA3-4DF4-95EC-FC823BE01C08}.Release|x64.ActiveCfg = Release|Any CPU
		{69759598-CBA3-4DF4-95EC-FC823BE01C08}.Release|x64.Build.0 = Release|Any CPU
		{69759598-CBA3-4DF4-95EC-FC823BE01C08}.Release|x86.ActiveCfg = Release|Any CPU
		{69759598-CBA3-4DF4-95EC-FC823BE01C08}.Release|x86.Build.0 = Release|Any CPU
		{A66A91DE-90DA-43F8-BE7A-DFFC171ADAD3}.Debug|Any CPU.ActiveCfg = Debug|Any CPU
		{A66A91DE-90DA-43F8-BE7A-DFFC171ADAD3}.Debug|Any CPU.Build.0 = Debug|Any CPU
		{A66A91DE-90DA-43F8-BE7A-DFFC171ADAD3}.Debug|x64.ActiveCfg = Debug|Any CPU
		{A66A91DE-90DA-43F8-BE7A-DFFC171ADAD3}.Debug|x64.Build.0 = Debug|Any CPU
		{A66A91DE-90DA-43F8-BE7A-DFFC171ADAD3}.Debug|x86.ActiveCfg = Debug|Any CPU
		{A66A91DE-90DA-43F8-BE7A-DFFC171ADAD3}.Debug|x86.Build.0 = Debug|Any CPU
		{A66A91DE-90DA-43F8-BE7A-DFFC171ADAD3}.Release|Any CPU.ActiveCfg = Release|Any CPU
		{A66A91DE-90DA-43F8-BE7A-DFFC171ADAD3}.Release|Any CPU.Build.0 = Release|Any CPU
		{A66A91DE-90DA-43F8-BE7A-DFFC171ADAD3}.Release|x64.ActiveCfg = Release|Any CPU
		{A66A91DE-90DA-43F8-BE7A-DFFC171ADAD3}.Release|x64.Build.0 = Release|Any CPU
		{A66A91DE-90DA-43F8-BE7A-DFFC171ADAD3}.Release|x86.ActiveCfg = Release|Any CPU
		{A66A91DE-90DA-43F8-BE7A-DFFC171ADAD3}.Release|x86.Build.0 = Release|Any CPU
		{AFA8EE06-4FC8-496E-A575-A48A6DC79245}.Debug|Any CPU.ActiveCfg = Debug|Any CPU
		{AFA8EE06-4FC8-496E-A575-A48A6DC79245}.Debug|Any CPU.Build.0 = Debug|Any CPU
		{AFA8EE06-4FC8-496E-A575-A48A6DC79245}.Debug|x64.ActiveCfg = Debug|Any CPU
		{AFA8EE06-4FC8-496E-A575-A48A6DC79245}.Debug|x64.Build.0 = Debug|Any CPU
		{AFA8EE06-4FC8-496E-A575-A48A6DC79245}.Debug|x86.ActiveCfg = Debug|Any CPU
		{AFA8EE06-4FC8-496E-A575-A48A6DC79245}.Debug|x86.Build.0 = Debug|Any CPU
		{AFA8EE06-4FC8-496E-A575-A48A6DC79245}.Release|Any CPU.ActiveCfg = Release|Any CPU
		{AFA8EE06-4FC8-496E-A575-A48A6DC79245}.Release|Any CPU.Build.0 = Release|Any CPU
		{AFA8EE06-4FC8-496E-A575-A48A6DC79245}.Release|x64.ActiveCfg = Release|Any CPU
		{AFA8EE06-4FC8-496E-A575-A48A6DC79245}.Release|x64.Build.0 = Release|Any CPU
		{AFA8EE06-4FC8-496E-A575-A48A6DC79245}.Release|x86.ActiveCfg = Release|Any CPU
		{AFA8EE06-4FC8-496E-A575-A48A6DC79245}.Release|x86.Build.0 = Release|Any CPU
		{2E78A068-8E95-412D-B3C4-23C2D6D27659}.Debug|Any CPU.ActiveCfg = Debug|Any CPU
		{2E78A068-8E95-412D-B3C4-23C2D6D27659}.Debug|Any CPU.Build.0 = Debug|Any CPU
		{2E78A068-8E95-412D-B3C4-23C2D6D27659}.Debug|x64.ActiveCfg = Debug|Any CPU
		{2E78A068-8E95-412D-B3C4-23C2D6D27659}.Debug|x64.Build.0 = Debug|Any CPU
		{2E78A068-8E95-412D-B3C4-23C2D6D27659}.Debug|x86.ActiveCfg = Debug|Any CPU
		{2E78A068-8E95-412D-B3C4-23C2D6D27659}.Debug|x86.Build.0 = Debug|Any CPU
		{2E78A068-8E95-412D-B3C4-23C2D6D27659}.Release|Any CPU.ActiveCfg = Release|Any CPU
		{2E78A068-8E95-412D-B3C4-23C2D6D27659}.Release|Any CPU.Build.0 = Release|Any CPU
		{2E78A068-8E95-412D-B3C4-23C2D6D27659}.Release|x64.ActiveCfg = Release|Any CPU
		{2E78A068-8E95-412D-B3C4-23C2D6D27659}.Release|x64.Build.0 = Release|Any CPU
		{2E78A068-8E95-412D-B3C4-23C2D6D27659}.Release|x86.ActiveCfg = Release|Any CPU
		{2E78A068-8E95-412D-B3C4-23C2D6D27659}.Release|x86.Build.0 = Release|Any CPU
		{33DC9A31-41BD-4A43-B944-17022DCACCC3}.Debug|Any CPU.ActiveCfg = Debug|Any CPU
		{33DC9A31-41BD-4A43-B944-17022DCACCC3}.Debug|Any CPU.Build.0 = Debug|Any CPU
		{33DC9A31-41BD-4A43-B944-17022DCACCC3}.Debug|x64.ActiveCfg = Debug|Any CPU
		{33DC9A31-41BD-4A43-B944-17022DCACCC3}.Debug|x64.Build.0 = Debug|Any CPU
		{33DC9A31-41BD-4A43-B944-17022DCACCC3}.Debug|x86.ActiveCfg = Debug|Any CPU
		{33DC9A31-41BD-4A43-B944-17022DCACCC3}.Debug|x86.Build.0 = Debug|Any CPU
		{33DC9A31-41BD-4A43-B944-17022DCACCC3}.Release|Any CPU.ActiveCfg = Release|Any CPU
		{33DC9A31-41BD-4A43-B944-17022DCACCC3}.Release|Any CPU.Build.0 = Release|Any CPU
		{33DC9A31-41BD-4A43-B944-17022DCACCC3}.Release|x64.ActiveCfg = Release|Any CPU
		{33DC9A31-41BD-4A43-B944-17022DCACCC3}.Release|x64.Build.0 = Release|Any CPU
		{33DC9A31-41BD-4A43-B944-17022DCACCC3}.Release|x86.ActiveCfg = Release|Any CPU
		{33DC9A31-41BD-4A43-B944-17022DCACCC3}.Release|x86.Build.0 = Release|Any CPU
		{0CD68B47-E761-4882-8249-48FC6F1085D9}.Debug|Any CPU.ActiveCfg = Debug|Any CPU
		{0CD68B47-E761-4882-8249-48FC6F1085D9}.Debug|Any CPU.Build.0 = Debug|Any CPU
		{0CD68B47-E761-4882-8249-48FC6F1085D9}.Debug|x64.ActiveCfg = Debug|Any CPU
		{0CD68B47-E761-4882-8249-48FC6F1085D9}.Debug|x64.Build.0 = Debug|Any CPU
		{0CD68B47-E761-4882-8249-48FC6F1085D9}.Debug|x86.ActiveCfg = Debug|Any CPU
		{0CD68B47-E761-4882-8249-48FC6F1085D9}.Debug|x86.Build.0 = Debug|Any CPU
		{0CD68B47-E761-4882-8249-48FC6F1085D9}.Release|Any CPU.ActiveCfg = Release|Any CPU
		{0CD68B47-E761-4882-8249-48FC6F1085D9}.Release|Any CPU.Build.0 = Release|Any CPU
		{0CD68B47-E761-4882-8249-48FC6F1085D9}.Release|x64.ActiveCfg = Release|Any CPU
		{0CD68B47-E761-4882-8249-48FC6F1085D9}.Release|x64.Build.0 = Release|Any CPU
		{0CD68B47-E761-4882-8249-48FC6F1085D9}.Release|x86.ActiveCfg = Release|Any CPU
		{0CD68B47-E761-4882-8249-48FC6F1085D9}.Release|x86.Build.0 = Release|Any CPU
		{FD1D3E78-0C5C-4D21-85A2-FFFF048FB99E}.Debug|Any CPU.ActiveCfg = Debug|Any CPU
		{FD1D3E78-0C5C-4D21-85A2-FFFF048FB99E}.Debug|Any CPU.Build.0 = Debug|Any CPU
		{FD1D3E78-0C5C-4D21-85A2-FFFF048FB99E}.Debug|x64.ActiveCfg = Debug|Any CPU
		{FD1D3E78-0C5C-4D21-85A2-FFFF048FB99E}.Debug|x64.Build.0 = Debug|Any CPU
		{FD1D3E78-0C5C-4D21-85A2-FFFF048FB99E}.Debug|x86.ActiveCfg = Debug|Any CPU
		{FD1D3E78-0C5C-4D21-85A2-FFFF048FB99E}.Debug|x86.Build.0 = Debug|Any CPU
		{FD1D3E78-0C5C-4D21-85A2-FFFF048FB99E}.Release|Any CPU.ActiveCfg = Release|Any CPU
		{FD1D3E78-0C5C-4D21-85A2-FFFF048FB99E}.Release|Any CPU.Build.0 = Release|Any CPU
		{FD1D3E78-0C5C-4D21-85A2-FFFF048FB99E}.Release|x64.ActiveCfg = Release|Any CPU
		{FD1D3E78-0C5C-4D21-85A2-FFFF048FB99E}.Release|x64.Build.0 = Release|Any CPU
		{FD1D3E78-0C5C-4D21-85A2-FFFF048FB99E}.Release|x86.ActiveCfg = Release|Any CPU
		{FD1D3E78-0C5C-4D21-85A2-FFFF048FB99E}.Release|x86.Build.0 = Release|Any CPU
		{B8977595-F75F-40C8-8A52-9A30E5FC7F4D}.Debug|Any CPU.ActiveCfg = Debug|Any CPU
		{B8977595-F75F-40C8-8A52-9A30E5FC7F4D}.Debug|Any CPU.Build.0 = Debug|Any CPU
		{B8977595-F75F-40C8-8A52-9A30E5FC7F4D}.Debug|x64.ActiveCfg = Debug|Any CPU
		{B8977595-F75F-40C8-8A52-9A30E5FC7F4D}.Debug|x64.Build.0 = Debug|Any CPU
		{B8977595-F75F-40C8-8A52-9A30E5FC7F4D}.Debug|x86.ActiveCfg = Debug|Any CPU
		{B8977595-F75F-40C8-8A52-9A30E5FC7F4D}.Debug|x86.Build.0 = Debug|Any CPU
		{B8977595-F75F-40C8-8A52-9A30E5FC7F4D}.Release|Any CPU.ActiveCfg = Release|Any CPU
		{B8977595-F75F-40C8-8A52-9A30E5FC7F4D}.Release|Any CPU.Build.0 = Release|Any CPU
		{B8977595-F75F-40C8-8A52-9A30E5FC7F4D}.Release|x64.ActiveCfg = Release|Any CPU
		{B8977595-F75F-40C8-8A52-9A30E5FC7F4D}.Release|x64.Build.0 = Release|Any CPU
		{B8977595-F75F-40C8-8A52-9A30E5FC7F4D}.Release|x86.ActiveCfg = Release|Any CPU
		{B8977595-F75F-40C8-8A52-9A30E5FC7F4D}.Release|x86.Build.0 = Release|Any CPU
		{85AB38DE-1625-4350-9CCC-561BA6D3BFBE}.Debug|Any CPU.ActiveCfg = Debug|Any CPU
		{85AB38DE-1625-4350-9CCC-561BA6D3BFBE}.Debug|Any CPU.Build.0 = Debug|Any CPU
		{85AB38DE-1625-4350-9CCC-561BA6D3BFBE}.Debug|x64.ActiveCfg = Debug|Any CPU
		{85AB38DE-1625-4350-9CCC-561BA6D3BFBE}.Debug|x64.Build.0 = Debug|Any CPU
		{85AB38DE-1625-4350-9CCC-561BA6D3BFBE}.Debug|x86.ActiveCfg = Debug|Any CPU
		{85AB38DE-1625-4350-9CCC-561BA6D3BFBE}.Debug|x86.Build.0 = Debug|Any CPU
		{85AB38DE-1625-4350-9CCC-561BA6D3BFBE}.Release|Any CPU.ActiveCfg = Release|Any CPU
		{85AB38DE-1625-4350-9CCC-561BA6D3BFBE}.Release|Any CPU.Build.0 = Release|Any CPU
		{85AB38DE-1625-4350-9CCC-561BA6D3BFBE}.Release|x64.ActiveCfg = Release|Any CPU
		{85AB38DE-1625-4350-9CCC-561BA6D3BFBE}.Release|x64.Build.0 = Release|Any CPU
		{85AB38DE-1625-4350-9CCC-561BA6D3BFBE}.Release|x86.ActiveCfg = Release|Any CPU
		{85AB38DE-1625-4350-9CCC-561BA6D3BFBE}.Release|x86.Build.0 = Release|Any CPU
		{8FFE8EF5-90BA-40CC-9BC8-FE120EA2EAB3}.Debug|Any CPU.ActiveCfg = Debug|Any CPU
		{8FFE8EF5-90BA-40CC-9BC8-FE120EA2EAB3}.Debug|Any CPU.Build.0 = Debug|Any CPU
		{8FFE8EF5-90BA-40CC-9BC8-FE120EA2EAB3}.Debug|x64.ActiveCfg = Debug|Any CPU
		{8FFE8EF5-90BA-40CC-9BC8-FE120EA2EAB3}.Debug|x64.Build.0 = Debug|Any CPU
		{8FFE8EF5-90BA-40CC-9BC8-FE120EA2EAB3}.Debug|x86.ActiveCfg = Debug|Any CPU
		{8FFE8EF5-90BA-40CC-9BC8-FE120EA2EAB3}.Debug|x86.Build.0 = Debug|Any CPU
		{8FFE8EF5-90BA-40CC-9BC8-FE120EA2EAB3}.Release|Any CPU.ActiveCfg = Release|Any CPU
		{8FFE8EF5-90BA-40CC-9BC8-FE120EA2EAB3}.Release|Any CPU.Build.0 = Release|Any CPU
		{8FFE8EF5-90BA-40CC-9BC8-FE120EA2EAB3}.Release|x64.ActiveCfg = Release|Any CPU
		{8FFE8EF5-90BA-40CC-9BC8-FE120EA2EAB3}.Release|x64.Build.0 = Release|Any CPU
		{8FFE8EF5-90BA-40CC-9BC8-FE120EA2EAB3}.Release|x86.ActiveCfg = Release|Any CPU
		{8FFE8EF5-90BA-40CC-9BC8-FE120EA2EAB3}.Release|x86.Build.0 = Release|Any CPU
		{FA513935-ED14-40E7-9793-6385BDE8EB6F}.Debug|Any CPU.ActiveCfg = Debug|Any CPU
		{FA513935-ED14-40E7-9793-6385BDE8EB6F}.Debug|Any CPU.Build.0 = Debug|Any CPU
		{FA513935-ED14-40E7-9793-6385BDE8EB6F}.Debug|x64.ActiveCfg = Debug|Any CPU
		{FA513935-ED14-40E7-9793-6385BDE8EB6F}.Debug|x64.Build.0 = Debug|Any CPU
		{FA513935-ED14-40E7-9793-6385BDE8EB6F}.Debug|x86.ActiveCfg = Debug|Any CPU
		{FA513935-ED14-40E7-9793-6385BDE8EB6F}.Debug|x86.Build.0 = Debug|Any CPU
		{FA513935-ED14-40E7-9793-6385BDE8EB6F}.Release|Any CPU.ActiveCfg = Release|Any CPU
		{FA513935-ED14-40E7-9793-6385BDE8EB6F}.Release|Any CPU.Build.0 = Release|Any CPU
		{FA513935-ED14-40E7-9793-6385BDE8EB6F}.Release|x64.ActiveCfg = Release|Any CPU
		{FA513935-ED14-40E7-9793-6385BDE8EB6F}.Release|x64.Build.0 = Release|Any CPU
		{FA513935-ED14-40E7-9793-6385BDE8EB6F}.Release|x86.ActiveCfg = Release|Any CPU
		{FA513935-ED14-40E7-9793-6385BDE8EB6F}.Release|x86.Build.0 = Release|Any CPU
		{50CC8180-5FE6-40AE-AE3B-3061ED902F10}.Debug|Any CPU.ActiveCfg = Debug|Any CPU
		{50CC8180-5FE6-40AE-AE3B-3061ED902F10}.Debug|Any CPU.Build.0 = Debug|Any CPU
		{50CC8180-5FE6-40AE-AE3B-3061ED902F10}.Debug|x64.ActiveCfg = Debug|Any CPU
		{50CC8180-5FE6-40AE-AE3B-3061ED902F10}.Debug|x64.Build.0 = Debug|Any CPU
		{50CC8180-5FE6-40AE-AE3B-3061ED902F10}.Debug|x86.ActiveCfg = Debug|Any CPU
		{50CC8180-5FE6-40AE-AE3B-3061ED902F10}.Debug|x86.Build.0 = Debug|Any CPU
		{50CC8180-5FE6-40AE-AE3B-3061ED902F10}.Release|Any CPU.ActiveCfg = Release|Any CPU
		{50CC8180-5FE6-40AE-AE3B-3061ED902F10}.Release|Any CPU.Build.0 = Release|Any CPU
		{50CC8180-5FE6-40AE-AE3B-3061ED902F10}.Release|x64.ActiveCfg = Release|Any CPU
		{50CC8180-5FE6-40AE-AE3B-3061ED902F10}.Release|x64.Build.0 = Release|Any CPU
		{50CC8180-5FE6-40AE-AE3B-3061ED902F10}.Release|x86.ActiveCfg = Release|Any CPU
		{50CC8180-5FE6-40AE-AE3B-3061ED902F10}.Release|x86.Build.0 = Release|Any CPU
		{3E0FE892-D274-4BFE-B5A2-85DF5A80A978}.Debug|Any CPU.ActiveCfg = Debug|Any CPU
		{3E0FE892-D274-4BFE-B5A2-85DF5A80A978}.Debug|Any CPU.Build.0 = Debug|Any CPU
		{3E0FE892-D274-4BFE-B5A2-85DF5A80A978}.Debug|x64.ActiveCfg = Debug|Any CPU
		{3E0FE892-D274-4BFE-B5A2-85DF5A80A978}.Debug|x64.Build.0 = Debug|Any CPU
		{3E0FE892-D274-4BFE-B5A2-85DF5A80A978}.Debug|x86.ActiveCfg = Debug|Any CPU
		{3E0FE892-D274-4BFE-B5A2-85DF5A80A978}.Debug|x86.Build.0 = Debug|Any CPU
		{3E0FE892-D274-4BFE-B5A2-85DF5A80A978}.Release|Any CPU.ActiveCfg = Release|Any CPU
		{3E0FE892-D274-4BFE-B5A2-85DF5A80A978}.Release|Any CPU.Build.0 = Release|Any CPU
		{3E0FE892-D274-4BFE-B5A2-85DF5A80A978}.Release|x64.ActiveCfg = Release|Any CPU
		{3E0FE892-D274-4BFE-B5A2-85DF5A80A978}.Release|x64.Build.0 = Release|Any CPU
		{3E0FE892-D274-4BFE-B5A2-85DF5A80A978}.Release|x86.ActiveCfg = Release|Any CPU
		{3E0FE892-D274-4BFE-B5A2-85DF5A80A978}.Release|x86.Build.0 = Release|Any CPU
		{B2ACF5F8-E79B-4F26-8DCA-5AA4BADCF51A}.Debug|Any CPU.ActiveCfg = Debug|Any CPU
		{B2ACF5F8-E79B-4F26-8DCA-5AA4BADCF51A}.Debug|Any CPU.Build.0 = Debug|Any CPU
		{B2ACF5F8-E79B-4F26-8DCA-5AA4BADCF51A}.Debug|x64.ActiveCfg = Debug|Any CPU
		{B2ACF5F8-E79B-4F26-8DCA-5AA4BADCF51A}.Debug|x64.Build.0 = Debug|Any CPU
		{B2ACF5F8-E79B-4F26-8DCA-5AA4BADCF51A}.Debug|x86.ActiveCfg = Debug|Any CPU
		{B2ACF5F8-E79B-4F26-8DCA-5AA4BADCF51A}.Debug|x86.Build.0 = Debug|Any CPU
		{B2ACF5F8-E79B-4F26-8DCA-5AA4BADCF51A}.Release|Any CPU.ActiveCfg = Release|Any CPU
		{B2ACF5F8-E79B-4F26-8DCA-5AA4BADCF51A}.Release|Any CPU.Build.0 = Release|Any CPU
		{B2ACF5F8-E79B-4F26-8DCA-5AA4BADCF51A}.Release|x64.ActiveCfg = Release|Any CPU
		{B2ACF5F8-E79B-4F26-8DCA-5AA4BADCF51A}.Release|x64.Build.0 = Release|Any CPU
		{B2ACF5F8-E79B-4F26-8DCA-5AA4BADCF51A}.Release|x86.ActiveCfg = Release|Any CPU
		{B2ACF5F8-E79B-4F26-8DCA-5AA4BADCF51A}.Release|x86.Build.0 = Release|Any CPU
		{F7449D6D-A2D7-46F3-A5F9-EE7490FBC8C4}.Debug|Any CPU.ActiveCfg = Debug|Any CPU
		{F7449D6D-A2D7-46F3-A5F9-EE7490FBC8C4}.Debug|Any CPU.Build.0 = Debug|Any CPU
		{F7449D6D-A2D7-46F3-A5F9-EE7490FBC8C4}.Debug|x64.ActiveCfg = Debug|Any CPU
		{F7449D6D-A2D7-46F3-A5F9-EE7490FBC8C4}.Debug|x64.Build.0 = Debug|Any CPU
		{F7449D6D-A2D7-46F3-A5F9-EE7490FBC8C4}.Debug|x86.ActiveCfg = Debug|Any CPU
		{F7449D6D-A2D7-46F3-A5F9-EE7490FBC8C4}.Debug|x86.Build.0 = Debug|Any CPU
		{F7449D6D-A2D7-46F3-A5F9-EE7490FBC8C4}.Release|Any CPU.ActiveCfg = Release|Any CPU
		{F7449D6D-A2D7-46F3-A5F9-EE7490FBC8C4}.Release|Any CPU.Build.0 = Release|Any CPU
		{F7449D6D-A2D7-46F3-A5F9-EE7490FBC8C4}.Release|x64.ActiveCfg = Release|Any CPU
		{F7449D6D-A2D7-46F3-A5F9-EE7490FBC8C4}.Release|x64.Build.0 = Release|Any CPU
		{F7449D6D-A2D7-46F3-A5F9-EE7490FBC8C4}.Release|x86.ActiveCfg = Release|Any CPU
		{F7449D6D-A2D7-46F3-A5F9-EE7490FBC8C4}.Release|x86.Build.0 = Release|Any CPU
		{3477E0CB-5EB2-4F4D-8A14-A34A8B8FD2DB}.Debug|Any CPU.ActiveCfg = Debug|Any CPU
		{3477E0CB-5EB2-4F4D-8A14-A34A8B8FD2DB}.Debug|Any CPU.Build.0 = Debug|Any CPU
		{3477E0CB-5EB2-4F4D-8A14-A34A8B8FD2DB}.Debug|x64.ActiveCfg = Debug|Any CPU
		{3477E0CB-5EB2-4F4D-8A14-A34A8B8FD2DB}.Debug|x64.Build.0 = Debug|Any CPU
		{3477E0CB-5EB2-4F4D-8A14-A34A8B8FD2DB}.Debug|x86.ActiveCfg = Debug|Any CPU
		{3477E0CB-5EB2-4F4D-8A14-A34A8B8FD2DB}.Debug|x86.Build.0 = Debug|Any CPU
		{3477E0CB-5EB2-4F4D-8A14-A34A8B8FD2DB}.Release|Any CPU.ActiveCfg = Release|Any CPU
		{3477E0CB-5EB2-4F4D-8A14-A34A8B8FD2DB}.Release|Any CPU.Build.0 = Release|Any CPU
		{3477E0CB-5EB2-4F4D-8A14-A34A8B8FD2DB}.Release|x64.ActiveCfg = Release|Any CPU
		{3477E0CB-5EB2-4F4D-8A14-A34A8B8FD2DB}.Release|x64.Build.0 = Release|Any CPU
		{3477E0CB-5EB2-4F4D-8A14-A34A8B8FD2DB}.Release|x86.ActiveCfg = Release|Any CPU
		{3477E0CB-5EB2-4F4D-8A14-A34A8B8FD2DB}.Release|x86.Build.0 = Release|Any CPU
		{9BEAB34C-6A28-4545-A817-546835D8D23C}.Debug|Any CPU.ActiveCfg = Debug|Any CPU
		{9BEAB34C-6A28-4545-A817-546835D8D23C}.Debug|Any CPU.Build.0 = Debug|Any CPU
		{9BEAB34C-6A28-4545-A817-546835D8D23C}.Debug|x64.ActiveCfg = Debug|Any CPU
		{9BEAB34C-6A28-4545-A817-546835D8D23C}.Debug|x64.Build.0 = Debug|Any CPU
		{9BEAB34C-6A28-4545-A817-546835D8D23C}.Debug|x86.ActiveCfg = Debug|Any CPU
		{9BEAB34C-6A28-4545-A817-546835D8D23C}.Debug|x86.Build.0 = Debug|Any CPU
		{9BEAB34C-6A28-4545-A817-546835D8D23C}.Release|Any CPU.ActiveCfg = Release|Any CPU
		{9BEAB34C-6A28-4545-A817-546835D8D23C}.Release|Any CPU.Build.0 = Release|Any CPU
		{9BEAB34C-6A28-4545-A817-546835D8D23C}.Release|x64.ActiveCfg = Release|Any CPU
		{9BEAB34C-6A28-4545-A817-546835D8D23C}.Release|x64.Build.0 = Release|Any CPU
		{9BEAB34C-6A28-4545-A817-546835D8D23C}.Release|x86.ActiveCfg = Release|Any CPU
		{9BEAB34C-6A28-4545-A817-546835D8D23C}.Release|x86.Build.0 = Release|Any CPU
		{756F5E96-8B48-4E13-8F62-9C74D3F43ACD}.Debug|Any CPU.ActiveCfg = Debug|Any CPU
		{756F5E96-8B48-4E13-8F62-9C74D3F43ACD}.Debug|Any CPU.Build.0 = Debug|Any CPU
		{756F5E96-8B48-4E13-8F62-9C74D3F43ACD}.Debug|x64.ActiveCfg = Debug|Any CPU
		{756F5E96-8B48-4E13-8F62-9C74D3F43ACD}.Debug|x64.Build.0 = Debug|Any CPU
		{756F5E96-8B48-4E13-8F62-9C74D3F43ACD}.Debug|x86.ActiveCfg = Debug|Any CPU
		{756F5E96-8B48-4E13-8F62-9C74D3F43ACD}.Debug|x86.Build.0 = Debug|Any CPU
		{756F5E96-8B48-4E13-8F62-9C74D3F43ACD}.Release|Any CPU.ActiveCfg = Release|Any CPU
		{756F5E96-8B48-4E13-8F62-9C74D3F43ACD}.Release|Any CPU.Build.0 = Release|Any CPU
		{756F5E96-8B48-4E13-8F62-9C74D3F43ACD}.Release|x64.ActiveCfg = Release|Any CPU
		{756F5E96-8B48-4E13-8F62-9C74D3F43ACD}.Release|x64.Build.0 = Release|Any CPU
		{756F5E96-8B48-4E13-8F62-9C74D3F43ACD}.Release|x86.ActiveCfg = Release|Any CPU
		{756F5E96-8B48-4E13-8F62-9C74D3F43ACD}.Release|x86.Build.0 = Release|Any CPU
		{8B38C544-9B5F-463A-B9AD-6C4076ECC278}.Debug|Any CPU.ActiveCfg = Debug|Any CPU
		{8B38C544-9B5F-463A-B9AD-6C4076ECC278}.Debug|Any CPU.Build.0 = Debug|Any CPU
		{8B38C544-9B5F-463A-B9AD-6C4076ECC278}.Debug|x64.ActiveCfg = Debug|Any CPU
		{8B38C544-9B5F-463A-B9AD-6C4076ECC278}.Debug|x64.Build.0 = Debug|Any CPU
		{8B38C544-9B5F-463A-B9AD-6C4076ECC278}.Debug|x86.ActiveCfg = Debug|Any CPU
		{8B38C544-9B5F-463A-B9AD-6C4076ECC278}.Debug|x86.Build.0 = Debug|Any CPU
		{8B38C544-9B5F-463A-B9AD-6C4076ECC278}.Release|Any CPU.ActiveCfg = Release|Any CPU
		{8B38C544-9B5F-463A-B9AD-6C4076ECC278}.Release|Any CPU.Build.0 = Release|Any CPU
		{8B38C544-9B5F-463A-B9AD-6C4076ECC278}.Release|x64.ActiveCfg = Release|Any CPU
		{8B38C544-9B5F-463A-B9AD-6C4076ECC278}.Release|x64.Build.0 = Release|Any CPU
		{8B38C544-9B5F-463A-B9AD-6C4076ECC278}.Release|x86.ActiveCfg = Release|Any CPU
		{8B38C544-9B5F-463A-B9AD-6C4076ECC278}.Release|x86.Build.0 = Release|Any CPU
		{4075392A-2E9D-40D4-B415-709C4EA1075F}.Debug|Any CPU.ActiveCfg = Debug|Any CPU
		{4075392A-2E9D-40D4-B415-709C4EA1075F}.Debug|Any CPU.Build.0 = Debug|Any CPU
		{4075392A-2E9D-40D4-B415-709C4EA1075F}.Debug|x64.ActiveCfg = Debug|Any CPU
		{4075392A-2E9D-40D4-B415-709C4EA1075F}.Debug|x64.Build.0 = Debug|Any CPU
		{4075392A-2E9D-40D4-B415-709C4EA1075F}.Debug|x86.ActiveCfg = Debug|Any CPU
		{4075392A-2E9D-40D4-B415-709C4EA1075F}.Debug|x86.Build.0 = Debug|Any CPU
		{4075392A-2E9D-40D4-B415-709C4EA1075F}.Release|Any CPU.ActiveCfg = Release|Any CPU
		{4075392A-2E9D-40D4-B415-709C4EA1075F}.Release|Any CPU.Build.0 = Release|Any CPU
		{4075392A-2E9D-40D4-B415-709C4EA1075F}.Release|x64.ActiveCfg = Release|Any CPU
		{4075392A-2E9D-40D4-B415-709C4EA1075F}.Release|x64.Build.0 = Release|Any CPU
		{4075392A-2E9D-40D4-B415-709C4EA1075F}.Release|x86.ActiveCfg = Release|Any CPU
		{4075392A-2E9D-40D4-B415-709C4EA1075F}.Release|x86.Build.0 = Release|Any CPU
		{7E84D3AF-9F73-46F6-AD45-3754C7892FCB}.Debug|Any CPU.ActiveCfg = Debug|Any CPU
		{7E84D3AF-9F73-46F6-AD45-3754C7892FCB}.Debug|Any CPU.Build.0 = Debug|Any CPU
		{7E84D3AF-9F73-46F6-AD45-3754C7892FCB}.Debug|x64.ActiveCfg = Debug|Any CPU
		{7E84D3AF-9F73-46F6-AD45-3754C7892FCB}.Debug|x64.Build.0 = Debug|Any CPU
		{7E84D3AF-9F73-46F6-AD45-3754C7892FCB}.Debug|x86.ActiveCfg = Debug|Any CPU
		{7E84D3AF-9F73-46F6-AD45-3754C7892FCB}.Debug|x86.Build.0 = Debug|Any CPU
		{7E84D3AF-9F73-46F6-AD45-3754C7892FCB}.Release|Any CPU.ActiveCfg = Release|Any CPU
		{7E84D3AF-9F73-46F6-AD45-3754C7892FCB}.Release|Any CPU.Build.0 = Release|Any CPU
		{7E84D3AF-9F73-46F6-AD45-3754C7892FCB}.Release|x64.ActiveCfg = Release|Any CPU
		{7E84D3AF-9F73-46F6-AD45-3754C7892FCB}.Release|x64.Build.0 = Release|Any CPU
		{7E84D3AF-9F73-46F6-AD45-3754C7892FCB}.Release|x86.ActiveCfg = Release|Any CPU
		{7E84D3AF-9F73-46F6-AD45-3754C7892FCB}.Release|x86.Build.0 = Release|Any CPU
	EndGlobalSection
	GlobalSection(SolutionProperties) = preSolution
		HideSolutionNode = FALSE
	EndGlobalSection
	GlobalSection(NestedProjects) = preSolution
		{ECBA3700-5700-4DC8-9091-201755AEE9E5} = {ADEAADA0-E242-41C9-8260-01241B2C4D3B}
		{A49FD3D4-4148-4D30-B06C-7B217EC3C056} = {ADEAADA0-E242-41C9-8260-01241B2C4D3B}
		{4D2E27AC-BAFE-4FCD-970D-1EC4869DFC89} = {ADEAADA0-E242-41C9-8260-01241B2C4D3B}
		{C5612CD0-4CCB-4A68-8592-8C984548B5BD} = {ADEAADA0-E242-41C9-8260-01241B2C4D3B}
		{FAFAC0CA-6B08-4AD6-98E3-A0E8DF1E3DE6} = {56CFAA5A-D1D9-4A3E-8726-25594714E2A9}
		{A37063BF-96C8-D1D8-E802-29CBE2104ED8} = {ADEAADA0-E242-41C9-8260-01241B2C4D3B}
		{440FC511-D68E-19CD-3E38-88A018153DB7} = {ADEAADA0-E242-41C9-8260-01241B2C4D3B}
		{56B11293-0CCD-EE49-5B1D-A659D7924B1D} = {ADEAADA0-E242-41C9-8260-01241B2C4D3B}
		{E57B3992-78C6-4CC0-A3D4-CBD96563DE97} = {56B11293-0CCD-EE49-5B1D-A659D7924B1D}
		{E4DCD6F7-4DB7-4FC1-A805-2AB288BFDDC6} = {56B11293-0CCD-EE49-5B1D-A659D7924B1D}
		{F390189E-D3CC-4344-9699-B56859688382} = {56B11293-0CCD-EE49-5B1D-A659D7924B1D}
		{75E64DF3-ACB5-4F45-BF6A-6FABF1B2A76E} = {56B11293-0CCD-EE49-5B1D-A659D7924B1D}
		{1DA0454C-EFF8-443D-B83D-BE780DDC0D3F} = {56B11293-0CCD-EE49-5B1D-A659D7924B1D}
		{F3EEAFDA-EFAC-4798-AB14-88C4DEA3709B} = {56B11293-0CCD-EE49-5B1D-A659D7924B1D}
		{3ACA6BBB-9E36-45EC-BB50-08EB1067E926} = {56B11293-0CCD-EE49-5B1D-A659D7924B1D}
		{80002DF7-D347-4A32-BC39-173E58B575D0} = {56B11293-0CCD-EE49-5B1D-A659D7924B1D}
		{69759598-CBA3-4DF4-95EC-FC823BE01C08} = {56B11293-0CCD-EE49-5B1D-A659D7924B1D}
		{A66A91DE-90DA-43F8-BE7A-DFFC171ADAD3} = {56B11293-0CCD-EE49-5B1D-A659D7924B1D}
		{AFA8EE06-4FC8-496E-A575-A48A6DC79245} = {56B11293-0CCD-EE49-5B1D-A659D7924B1D}
		{2E78A068-8E95-412D-B3C4-23C2D6D27659} = {56B11293-0CCD-EE49-5B1D-A659D7924B1D}
		{33DC9A31-41BD-4A43-B944-17022DCACCC3} = {56B11293-0CCD-EE49-5B1D-A659D7924B1D}
		{0CD68B47-E761-4882-8249-48FC6F1085D9} = {56B11293-0CCD-EE49-5B1D-A659D7924B1D}
		{FD1D3E78-0C5C-4D21-85A2-FFFF048FB99E} = {56B11293-0CCD-EE49-5B1D-A659D7924B1D}
		{B8977595-F75F-40C8-8A52-9A30E5FC7F4D} = {56B11293-0CCD-EE49-5B1D-A659D7924B1D}
		{85AB38DE-1625-4350-9CCC-561BA6D3BFBE} = {56B11293-0CCD-EE49-5B1D-A659D7924B1D}
		{8FFE8EF5-90BA-40CC-9BC8-FE120EA2EAB3} = {56B11293-0CCD-EE49-5B1D-A659D7924B1D}
		{FA513935-ED14-40E7-9793-6385BDE8EB6F} = {56B11293-0CCD-EE49-5B1D-A659D7924B1D}
		{50CC8180-5FE6-40AE-AE3B-3061ED902F10} = {56B11293-0CCD-EE49-5B1D-A659D7924B1D}
		{3E0FE892-D274-4BFE-B5A2-85DF5A80A978} = {56B11293-0CCD-EE49-5B1D-A659D7924B1D}
		{B2ACF5F8-E79B-4F26-8DCA-5AA4BADCF51A} = {56B11293-0CCD-EE49-5B1D-A659D7924B1D}
		{F7449D6D-A2D7-46F3-A5F9-EE7490FBC8C4} = {56B11293-0CCD-EE49-5B1D-A659D7924B1D}
		{3477E0CB-5EB2-4F4D-8A14-A34A8B8FD2DB} = {56B11293-0CCD-EE49-5B1D-A659D7924B1D}
		{9BEAB34C-6A28-4545-A817-546835D8D23C} = {56B11293-0CCD-EE49-5B1D-A659D7924B1D}
		{756F5E96-8B48-4E13-8F62-9C74D3F43ACD} = {56B11293-0CCD-EE49-5B1D-A659D7924B1D}
		{8B38C544-9B5F-463A-B9AD-6C4076ECC278} = {56B11293-0CCD-EE49-5B1D-A659D7924B1D}
		{4075392A-2E9D-40D4-B415-709C4EA1075F} = {56B11293-0CCD-EE49-5B1D-A659D7924B1D}
		{7E84D3AF-9F73-46F6-AD45-3754C7892FCB} = {56B11293-0CCD-EE49-5B1D-A659D7924B1D}
	EndGlobalSection
	GlobalSection(ExtensibilityGlobals) = postSolution
		SolutionGuid = {85C5FEF7-AB6B-473B-8EC8-C2B35531DA80}
	EndGlobalSection
EndGlobal
